{
    "_readme": [
        "This file locks the dependencies of your project to a known state",
        "Read more about it at https://getcomposer.org/doc/01-basic-usage.md#installing-dependencies",
        "This file is @generated automatically"
    ],
    "content-hash": "5a2e1df505753ac84f320eb5a0efbc93",
    "packages": [
        {
            "name": "elegantthemes/ease",
            "version": "1.2.0",
            "source": {
                "type": "git",
                "url": "git@github.com:elegantthemes/ease.git",
                "reference": "d169e0199509c505f3157ba741d4cf95ee9ba0f3"
            },
            "dist": {
                "type": "zip",
                "url": "https://api.github.com/repos/elegantthemes/ease/zipball/d169e0199509c505f3157ba741d4cf95ee9ba0f3",
                "reference": "d169e0199509c505f3157ba741d4cf95ee9ba0f3",
                "shasum": "",
                "mirrors": [
                    {
                        "url": "https://elegantthemes.repo.repman.io/dists/%package%/%version%/%reference%.%type%",
                        "preferred": true
                    }
                ]
            },
            "require": {
                "php": ">=7.4"
            },
            "type": "library",
            "autoload": {
                "files": [
                    "src/functions.php"
                ],
                "psr-4": {
                    "ET\\Ease\\": "src/"
                }
            },
            "notification-url": "https://elegantthemes.repo.repman.io/downloads",
            "license": [
                "GPL-v2-or-later"
            ],
            "authors": [
                {
                    "name": "Elegant Themes",
                    "email": "dustin@elegantthemes.com"
                }
            ],
            "description": "Utilities that make reading and writing PHP code more convenient and enjoyable",
            "support": {
                "source": "https://github.com/elegantthemes/ease/tree/1.2.0",
                "issues": "https://github.com/elegantthemes/ease/issues"
            },
            "time": "2020-10-13T21:01:54+00:00"
        }
    ],
    "packages-dev": [],
    "aliases": [],
    "minimum-stability": "stable",
    "stability-flags": [],
    "prefer-stable": false,
    "prefer-lowest": false,
    "platform": {
        "php": ">=7.4"
    },
    "platform-dev": [],
    "plugin-api-version": "2.0.0"
}
